
Microsoft Visual Studio Solution File, Format Version 12.00
# Visual Studio Version 16
VisualStudioVersion = 16.0.30717.126
MinimumVisualStudioVersion = 10.0.40219.1
Project("{FAE04EC0-301F-11D3-BF4B-00C04F79EFBC}") = "Recepticator", "Recepticator\Recepticator.csproj", "{C7753766-7371-4322-B666-95A1F05F2018}"
EndProject
Global
	GlobalSection(SolutionConfigurationPlatforms) = preSolution
		Debug|Any CPU = Debug|Any CPU
		Release|Any CPU = Release|Any CPU
	EndGlobalSection
	GlobalSection(ProjectConfigurationPlatforms) = postSolution
		{C7753766-7371-4322-B666-95A1F05F2018}.Debug|Any CPU.ActiveCfg = Debug|Any CPU
		{C7753766-7371-4322-B666-95A1F05F2018}.Debug|Any CPU.Build.0 = Debug|Any CPU
		{C7753766-7371-4322-B666-95A1F05F2018}.Release|Any CPU.ActiveCfg = Release|Any CPU
		{C7753766-7371-4322-B666-95A1F05F2018}.Release|Any CPU.Build.0 = Release|Any CPU
	EndGlobalSection
	GlobalSection(SolutionProperties) = preSolution
		HideSolutionNode = FALSE
	EndGlobalSection
	GlobalSection(ExtensibilityGlobals) = postSolution
		SolutionGuid = {1847A1DB-9C3F-4099-BD98-8677917F5AE6}
	EndGlobalSection
EndGlobal
